# This file is automatically @generated by Cargo.
# It is not intended for manual editing.
version = 3

[[package]]
name = "example"
version = "0.1.0"
dependencies = [
 "sqlbgone-core",
]

[[package]]
name = "log"
version = "0.4.19"
source = "registry+https://github.com/rust-lang/crates.io-index"
checksum = "b06a4cde4c0f271a446782e3eff8de789548ce57dbc8eca9292c27f4a42004b4"

[[package]]
name = "sqlbgone-core"
version = "0.1.0"
dependencies = [
 "sqlparser",
]

[[package]]
name = "sqlparser"
version = "0.35.0"
source = "registry+https://github.com/rust-lang/crates.io-index"
checksum = "ca597d77c98894be1f965f2e4e2d2a61575d4998088e655476c73715c54b2b43"
dependencies = [
 "log",
]
